
Microsoft Visual Studio Solution File, Format Version 12.00
# Visual Studio 15
VisualStudioVersion = 15.0.27703.2026
MinimumVisualStudioVersion = 10.0.40219.1
Project("{FAE04EC0-301F-11D3-BF4B-00C04F79EFBC}") = "WpfApp29", "WpfApp29\WpfApp29.csproj", "{0B82ABE2-4306-4AC1-9BBB-4E4355E69D3D}"
EndProject
Project("{FAE04EC0-301F-11D3-BF4B-00C04F79EFBC}") = "WpfControlLibrary1", "WpfControlLibrary1\WpfControlLibrary1.csproj", "{F6379C5F-78A1-48AD-B0A9-208710E4C4FD}"
EndProject
Project("{FAE04EC0-301F-11D3-BF4B-00C04F79EFBC}") = "WindowsFormsApp1", "WindowsFormsApp1\WindowsFormsApp1.csproj", "{82357928-DB34-4699-88F8-5983FE27039F}"
EndProject
Global
	GlobalSection(SolutionConfigurationPlatforms) = preSolution
		Debug|Any CPU = Debug|Any CPU
		Release|Any CPU = Release|Any CPU
	EndGlobalSection
	GlobalSection(ProjectConfigurationPlatforms) = postSolution
		{0B82ABE2-4306-4AC1-9BBB-4E4355E69D3D}.Debug|Any CPU.ActiveCfg = Debug|Any CPU
		{0B82ABE2-4306-4AC1-9BBB-4E4355E69D3D}.Debug|Any CPU.Build.0 = Debug|Any CPU
		{0B82ABE2-4306-4AC1-9BBB-4E4355E69D3D}.Release|Any CPU.ActiveCfg = Release|Any CPU
		{0B82ABE2-4306-4AC1-9BBB-4E4355E69D3D}.Release|Any CPU.Build.0 = Release|Any CPU
		{F6379C5F-78A1-48AD-B0A9-208710E4C4FD}.Debug|Any CPU.ActiveCfg = Debug|Any CPU
		{F6379C5F-78A1-48AD-B0A9-208710E4C4FD}.Debug|Any CPU.Build.0 = Debug|Any CPU
		{F6379C5F-78A1-48AD-B0A9-208710E4C4FD}.Release|Any CPU.ActiveCfg = Release|Any CPU
		{F6379C5F-78A1-48AD-B0A9-208710E4C4FD}.Release|Any CPU.Build.0 = Release|Any CPU
		{82357928-DB34-4699-88F8-5983FE27039F}.Debug|Any CPU.ActiveCfg = Debug|Any CPU
		{82357928-DB34-4699-88F8-5983FE27039F}.Debug|Any CPU.Build.0 = Debug|Any CPU
		{82357928-DB34-4699-88F8-5983FE27039F}.Release|Any CPU.ActiveCfg = Release|Any CPU
		{82357928-DB34-4699-88F8-5983FE27039F}.Release|Any CPU.Build.0 = Release|Any CPU
	EndGlobalSection
	GlobalSection(SolutionProperties) = preSolution
		HideSolutionNode = FALSE
	EndGlobalSection
	GlobalSection(ExtensibilityGlobals) = postSolution
		SolutionGuid = {9B8D7345-F457-4405-90FC-B5D8543D611F}
	EndGlobalSection
EndGlobal
